Microsoft Visual Studio Solution File, Format Version 12.00
# Visual Studio 15
VisualStudioVersion = 15.0.26124.0
MinimumVisualStudioVersion = 15.0.26124.0
Project("{2150E333-8FDC-42A3-9474-1A3956D46DE8}") = "src", "src", "{C769ED8F-FD49-48BF-AE78-1F6ABCEAD42B}"
EndProject
Project("{9A19103F-16F7-4668-BE54-9A1E7A4F7556}") = "dotnet-serve", "src\dotnet-serve\dotnet-serve.csproj", "{03156D3A-5F48-4F6B-8DAB-3ACED9241F1D}"
EndProject
Global
	GlobalSection(SolutionConfigurationPlatforms) = preSolution
		Debug|Any CPU = Debug|Any CPU
		Release|Any CPU = Release|Any CPU
	EndGlobalSection
	GlobalSection(ProjectConfigurationPlatforms) = postSolution
		{03156D3A-5F48-4F6B-8DAB-3ACED9241F1D}.Debug|Any CPU.ActiveCfg = Debug|Any CPU
		{03156D3A-5F48-4F6B-8DAB-3ACED9241F1D}.Debug|Any CPU.Build.0 = Debug|Any CPU
		{03156D3A-5F48-4F6B-8DAB-3ACED9241F1D}.Release|Any CPU.ActiveCfg = Release|Any CPU
		{03156D3A-5F48-4F6B-8DAB-3ACED9241F1D}.Release|Any CPU.Build.0 = Release|Any CPU
	EndGlobalSection
	GlobalSection(SolutionProperties) = preSolution
		HideSolutionNode = FALSE
	EndGlobalSection
	GlobalSection(NestedProjects) = preSolution
		{03156D3A-5F48-4F6B-8DAB-3ACED9241F1D} = {C769ED8F-FD49-48BF-AE78-1F6ABCEAD42B}
	EndGlobalSection
	GlobalSection(ExtensibilityGlobals) = postSolution
		SolutionGuid = {9E6AF21B-9CC7-414F-8D8F-E12676569DB4}
	EndGlobalSection
EndGlobal
